// !$*UTF8*$!
{
	archiveVersion = 1;
	classes = {
	};
	objectVersion = 50;
	objects = {

/* Begin PBXBuildFile section */
		76380573241530BE007176B3 /* SplashViewController.swift in Sources */ = {isa = PBXBuildFile; fileRef = 76380572241530BE007176B3 /* SplashViewController.swift */; };
		76815DBE240F89BE0082E7C7 /* AppDelegate.swift in Sources */ = {isa = PBXBuildFile; fileRef = 76815DBD240F89BE0082E7C7 /* AppDelegate.swift */; };
		76815DC0240F89BE0082E7C7 /* SceneDelegate.swift in Sources */ = {isa = PBXBuildFile; fileRef = 76815DBF240F89BE0082E7C7 /* SceneDelegate.swift */; };
		76815DC2240F89BE0082E7C7 /* ViewController.swift in Sources */ = {isa = PBXBuildFile; fileRef = 76815DC1240F89BE0082E7C7 /* ViewController.swift */; };
		76815DC5240F89BE0082E7C7 /* Main.storyboard in Resources */ = {isa = PBXBuildFile; fileRef = 76815DC3240F89BE0082E7C7 /* Main.storyboard */; };
		76815DC7240F89BF0082E7C7 /* Assets.xcassets in Resources */ = {isa = PBXBuildFile; fileRef = 76815DC6240F89BF0082E7C7 /* Assets.xcassets */; };
		76815DCA240F89BF0082E7C7 /* LaunchScreen.storyboard in Resources */ = {isa = PBXBuildFile; fileRef = 76815DC8240F89BF0082E7C7 /* LaunchScreen.storyboard */; };
		7691633E2411459100416F40 /* CardManager.swift in Sources */ = {isa = PBXBuildFile; fileRef = 7691633D2411459100416F40 /* CardManager.swift */; };
		76916343241231D300416F40 /* meditate.json in Resources */ = {isa = PBXBuildFile; fileRef = 76916342241231D300416F40 /* meditate.json */; };
		7691634B24124A6100416F40 /* (null) in Embed Frameworks */ = {isa = PBXBuildFile; settings = {ATTRIBUTES = (CodeSignOnCopy, RemoveHeadersOnCopy, ); }; };
/* End PBXBuildFile section */

/* Begin PBXCopyFilesBuildPhase section */
		7691634C24124A6100416F40 /* Embed Frameworks */ = {
			isa = PBXCopyFilesBuildPhase;
			buildActionMask = 2147483647;
			dstPath = "";
			dstSubfolderSpec = 10;
			files = (
				7691634B24124A6100416F40 /* (null) in Embed Frameworks */,
			);
			name = "Embed Frameworks";
			runOnlyForDeploymentPostprocessing = 0;
		};
/* End PBXCopyFilesBuildPhase section */

/* Begin PBXFileReference section */
		76380572241530BE007176B3 /* SplashViewController.swift */ = {isa = PBXFileReference; lastKnownFileType = sourcecode.swift; path = SplashViewController.swift; sourceTree = "<group>"; };
		76815DBA240F89BE0082E7C7 /* FirstApp.app */ = {isa = PBXFileReference; explicitFileType = wrapper.application; includeInIndex = 0; path = FirstApp.app; sourceTree = BUILT_PRODUCTS_DIR; };
		76815DBD240F89BE0082E7C7 /* AppDelegate.swift */ = {isa = PBXFileReference; lastKnownFileType = sourcecode.swift; path = AppDelegate.swift; sourceTree = "<group>"; };
		76815DBF240F89BE0082E7C7 /* SceneDelegate.swift */ = {isa = PBXFileReference; lastKnownFileType = sourcecode.swift; path = SceneDelegate.swift; sourceTree = "<group>"; };
		76815DC1240F89BE0082E7C7 /* ViewController.swift */ = {isa = PBXFileReference; lastKnownFileType = sourcecode.swift; path = ViewController.swift; sourceTree = "<group>"; };
		76815DC4240F89BE0082E7C7 /* Base */ = {isa = PBXFileReference; lastKnownFileType = file.storyboard; name = Base; path = Base.lproj/Main.storyboard; sourceTree = "<group>"; };
		76815DC6240F89BF0082E7C7 /* Assets.xcassets */ = {isa = PBXFileReference; lastKnownFileType = folder.assetcatalog; path = Assets.xcassets; sourceTree = "<group>"; };
		76815DC9240F89BF0082E7C7 /* Base */ = {isa = PBXFileReference; lastKnownFileType = file.storyboard; name = Base; path = Base.lproj/LaunchScreen.storyboard; sourceTree = "<group>"; };
		76815DCB240F89BF0082E7C7 /* Info.plist */ = {isa = PBXFileReference; lastKnownFileType = text.plist.xml; path = Info.plist; sourceTree = "<group>"; };
		7691633D2411459100416F40 /* CardManager.swift */ = {isa = PBXFileReference; lastKnownFileType = sourcecode.swift; path = CardManager.swift; sourceTree = "<group>"; };
		76916342241231D300416F40 /* meditate.json */ = {isa = PBXFileReference; fileEncoding = 4; lastKnownFileType = text.json; path = meditate.json; sourceTree = "<group>"; };
/* End PBXFileReference section */

/* Begin PBXFrameworksBuildPhase section */
		76815DB7240F89BE0082E7C7 /* Frameworks */ = {
			isa = PBXFrameworksBuildPhase;
			buildActionMask = 2147483647;
			files = (
			);
			runOnlyForDeploymentPostprocessing = 0;
		};
/* End PBXFrameworksBuildPhase section */

/* Begin PBXGroup section */
		76815DB1240F89BE0082E7C7 = {
			isa = PBXGroup;
			children = (
				76815DBC240F89BE0082E7C7 /* FirstApp */,
				76815DBB240F89BE0082E7C7 /* Products */,
			);
			sourceTree = "<group>";
		};
		76815DBB240F89BE0082E7C7 /* Products */ = {
			isa = PBXGroup;
			children = (
				76815DBA240F89BE0082E7C7 /* FirstApp.app */,
			);
			name = Products;
			sourceTree = "<group>";
		};
		76815DBC240F89BE0082E7C7 /* FirstApp */ = {
			isa = PBXGroup;
			children = (
				76380572241530BE007176B3 /* SplashViewController.swift */,
				76916341241231C300416F40 /* animation */,
				76815DBD240F89BE0082E7C7 /* AppDelegate.swift */,
				76815DBF240F89BE0082E7C7 /* SceneDelegate.swift */,
				76815DC1240F89BE0082E7C7 /* ViewController.swift */,
				7691633D2411459100416F40 /* CardManager.swift */,
				76815DC3240F89BE0082E7C7 /* Main.storyboard */,
				76815DC6240F89BF0082E7C7 /* Assets.xcassets */,
				76815DC8240F89BF0082E7C7 /* LaunchScreen.storyboard */,
				76815DCB240F89BF0082E7C7 /* Info.plist */,
			);
			path = FirstApp;
			sourceTree = "<group>";
		};
		76916341241231C300416F40 /* animation */ = {
			isa = PBXGroup;
			children = (
				76916342241231D300416F40 /* meditate.json */,
			);
			path = animation;
			sourceTree = "<group>";
		};
/* End PBXGroup section */

/* Begin PBXNativeTarget section */
		76815DB9240F89BE0082E7C7 /* FirstApp */ = {
			isa = PBXNativeTarget;
			buildConfigurationList = 76815DCE240F89BF0082E7C7 /* Build configuration list for PBXNativeTarget "FirstApp" */;
			buildPhases = (
				76815DB6240F89BE0082E7C7 /* Sources */,
				76815DB7240F89BE0082E7C7 /* Frameworks */,
				76815DB8240F89BE0082E7C7 /* Resources */,
				7691634C24124A6100416F40 /* Embed Frameworks */,
			);
			buildRules = (
			);
			dependencies = (
			);
			name = FirstApp;
			productName = FirstApp;
			productReference = 76815DBA240F89BE0082E7C7 /* FirstApp.app */;
			productType = "com.apple.product-type.application";
		};
/* End PBXNativeTarget section */

/* Begin PBXProject section */
		76815DB2240F89BE0082E7C7 /* Project object */ = {
			isa = PBXProject;
			attributes = {
				LastSwiftUpdateCheck = 1130;
				LastUpgradeCheck = 1130;
				ORGANIZATIONNAME = "Arjasa Virya Aryanera";
				TargetAttributes = {
					76815DB9240F89BE0082E7C7 = {
						CreatedOnToolsVersion = 11.3.1;
					};
				};
			};
			buildConfigurationList = 76815DB5240F89BE0082E7C7 /* Build configuration list for PBXProject "FirstApp" */;
			compatibilityVersion = "Xcode 9.3";
			developmentRegion = en;
			hasScannedForEncodings = 0;
			knownRegions = (
				en,
				Base,
			);
			mainGroup = 76815DB1240F89BE0082E7C7;
			productRefGroup = 76815DBB240F89BE0082E7C7 /* Products */;
			projectDirPath = "";
			projectRoot = "";
			targets = (
				76815DB9240F89BE0082E7C7 /* FirstApp */,
			);
		};
/* End PBXProject section */

/* Begin PBXResourcesBuildPhase section */
		76815DB8240F89BE0082E7C7 /* Resources */ = {
			isa = PBXResourcesBuildPhase;
			buildActionMask = 2147483647;
			files = (
				76815DCA240F89BF0082E7C7 /* LaunchScreen.storyboard in Resources */,
				76815DC7240F89BF0082E7C7 /* Assets.xcassets in Resources */,
				76916343241231D300416F40 /* meditate.json in Resources */,
				76815DC5240F89BE0082E7C7 /* Main.storyboard in Resources */,
			);
			runOnlyForDeploymentPostprocessing = 0;
		};
/* End PBXResourcesBuildPhase section */

/* Begin PBXSourcesBuildPhase section */
		76815DB6240F89BE0082E7C7 /* Sources */ = {
			isa = PBXSourcesBuildPhase;
			buildActionMask = 2147483647;
			files = (
				76815DC2240F89BE0082E7C7 /* ViewController.swift in Sources */,
				7691633E2411459100416F40 /* CardManager.swift in Sources */,
				76815DBE240F89BE0082E7C7 /* AppDelegate.swift in Sources */,
				76815DC0240F89BE0082E7C7 /* SceneDelegate.swift in Sources */,
				76380573241530BE007176B3 /* SplashViewController.swift in Sources */,
			);
			runOnlyForDeploymentPostprocessing = 0;
		};
/* End PBXSourcesBuildPhase section */

/* Begin PBXVariantGroup section */
		76815DC3240F89BE0082E7C7 /* Main.storyboard */ = {
			isa = PBXVariantGroup;
			children = (
				76815DC4240F89BE0082E7C7 /* Base */,
			);
			name = Main.storyboard;
			sourceTree = "<group>";
		};
		76815DC8240F89BF0082E7C7 /* LaunchScreen.storyboard */ = {
			isa = PBXVariantGroup;
			children = (
				76815DC9240F89BF0082E7C7 /* Base */,
			);
			name = LaunchScreen.storyboard;
			sourceTree = "<group>";
		};
/* End PBXVariantGroup section */

/* Begin XCBuildConfiguration section */
		76815DCC240F89BF0082E7C7 /* Debug */ = {
			isa = XCBuildConfiguration;
			buildSettings = {
				ALWAYS_SEARCH_USER_PATHS = NO;
				CLANG_ANALYZER_NONNULL = YES;
				CLANG_ANALYZER_NUMBER_OBJECT_CONVERSION = YES_AGGRESSIVE;
				CLANG_CXX_LANGUAGE_STANDARD = "gnu++14";
				CLANG_CXX_LIBRARY = "libc++";
				CLANG_ENABLE_MODULES = YES;
				CLANG_ENABLE_OBJC_ARC = YES;
				CLANG_ENABLE_OBJC_WEAK = YES;
				CLANG_WARN_BLOCK_CAPTURE_AUTORELEASING = YES;
				CLANG_WARN_BOOL_CONVERSION = YES;
				CLANG_WARN_COMMA = YES;
				CLANG_WARN_CONSTANT_CONVERSION = YES;
				CLANG_WARN_DEPRECATED_OBJC_IMPLEMENTATIONS = YES;
				CLANG_WARN_DIRECT_OBJC_ISA_USAGE = YES_ERROR;
				CLANG_WARN_DOCUMENTATION_COMMENTS = YES;
				CLANG_WARN_EMPTY_BODY = YES;
				CLANG_WARN_ENUM_CONVERSION = YES;
				CLANG_WARN_INFINITE_RECURSION = YES;
				CLANG_WARN_INT_CONVERSION = YES;
				CLANG_WARN_NON_LITERAL_NULL_CONVERSION = YES;
				CLANG_WARN_OBJC_IMPLICIT_RETAIN_SELF = YES;
				CLANG_WARN_OBJC_LITERAL_CONVERSION = YES;
				CLANG_WARN_OBJC_ROOT_CLASS = YES_ERROR;
				CLANG_WARN_RANGE_LOOP_ANALYSIS = YES;
				CLANG_WARN_STRICT_PROTOTYPES = YES;
				CLANG_WARN_SUSPICIOUS_MOVE = YES;
				CLANG_WARN_UNGUARDED_AVAILABILITY = YES_AGGRESSIVE;
				CLANG_WARN_UNREACHABLE_CODE = YES;
				CLANG_WARN__DUPLICATE_METHOD_MATCH = YES;
				COPY_PHASE_STRIP = NO;
				DEBUG_INFORMATION_FORMAT = dwarf;
				ENABLE_STRICT_OBJC_MSGSEND = YES;
				ENABLE_TESTABILITY = YES;
				GCC_C_LANGUAGE_STANDARD = gnu11;
				GCC_DYNAMIC_NO_PIC = NO;
				GCC_NO_COMMON_BLOCKS = YES;
				GCC_OPTIMIZATION_LEVEL = 0;
				GCC_PREPROCESSOR_DEFINITIONS = (
					"DEBUG=1",
					"$(inherited)",
				);
				GCC_WARN_64_TO_32_BIT_CONVERSION = YES;
				GCC_WARN_ABOUT_RETURN_TYPE = YES_ERROR;
				GCC_WARN_UNDECLARED_SELECTOR = YES;
				GCC_WARN_UNINITIALIZED_AUTOS = YES_AGGRESSIVE;
				GCC_WARN_UNUSED_FUNCTION = YES;
				GCC_WARN_UNUSED_VARIABLE = YES;
				IPHONEOS_DEPLOYMENT_TARGET = 13.2;
				MTL_ENABLE_DEBUG_INFO = INCLUDE_SOURCE;
				MTL_FAST_MATH = YES;
				ONLY_ACTIVE_ARCH = YES;
				SDKROOT = iphoneos;
				SWIFT_ACTIVE_COMPILATION_CONDITIONS = DEBUG;
				SWIFT_OPTIMIZATION_LEVEL = "-Onone";
			};
			name = Debug;
		};
		76815DCD240F89BF0082E7C7 /* Release */ = {
			isa = XCBuildConfiguration;
			buildSettings = {
				ALWAYS_SEARCH_USER_PATHS = NO;
				CLANG_ANALYZER_NONNULL = YES;
				CLANG_ANALYZER_NUMBER_OBJECT_CONVERSION = YES_AGGRESSIVE;
				CLANG_CXX_LANGUAGE_STANDARD = "gnu++14";
				CLANG_CXX_LIBRARY = "libc++";
				CLANG_ENABLE_MODULES = YES;
				CLANG_ENABLE_OBJC_ARC = YES;
				CLANG_ENABLE_OBJC_WEAK = YES;
				CLANG_WARN_BLOCK_CAPTURE_AUTORELEASING = YES;
				CLANG_WARN_BOOL_CONVERSION = YES;
				CLANG_WARN_COMMA = YES;
				CLANG_WARN_CONSTANT_CONVERSION = YES;
				CLANG_WARN_DEPRECATED_OBJC_IMPLEMENTATIONS = YES;
				CLANG_WARN_DIRECT_OBJC_ISA_USAGE = YES_ERROR;
				CLANG_WARN_DOCUMENTATION_COMMENTS = YES;
				CLANG_WARN_EMPTY_BODY = YES;
				CLANG_WARN_ENUM_CONVERSION = YES;
				CLANG_WARN_INFINITE_RECURSION = YES;
				CLANG_WARN_INT_CONVERSION = YES;
				CLANG_WARN_NON_LITERAL_NULL_CONVERSION = YES;
				CLANG_WARN_OBJC_IMPLICIT_RETAIN_SELF = YES;
				CLANG_WARN_OBJC_LITERAL_CONVERSION = YES;
				CLANG_WARN_OBJC_ROOT_CLASS = YES_ERROR;
				CLANG_WARN_RANGE_LOOP_ANALYSIS = YES;
				CLANG_WARN_STRICT_PROTOTYPES = YES;
				CLANG_WARN_SUSPICIOUS_MOVE = YES;
				CLANG_WARN_UNGUARDED_AVAILABILITY = YES_AGGRESSIVE;
				CLANG_WARN_UNREACHABLE_CODE = YES;
				CLANG_WARN__DUPLICATE_METHOD_MATCH = YES;
				COPY_PHASE_STRIP = NO;
				DEBUG_INFORMATION_FORMAT = "dwarf-with-dsym";
				ENABLE_NS_ASSERTIONS = NO;
				ENABLE_STRICT_OBJC_MSGSEND = YES;
				GCC_C_LANGUAGE_STANDARD = gnu11;
				GCC_NO_COMMON_BLOCKS = YES;
				GCC_WARN_64_TO_32_BIT_CONVERSION = YES;
				GCC_WARN_ABOUT_RETURN_TYPE = YES_ERROR;
				GCC_WARN_UNDECLARED_SELECTOR = YES;
				GCC_WARN_UNINITIALIZED_AUTOS = YES_AGGRESSIVE;
				GCC_WARN_UNUSED_FUNCTION = YES;
				GCC_WARN_UNUSED_VARIABLE = YES;
				IPHONEOS_DEPLOYMENT_TARGET = 13.2;
				MTL_ENABLE_DEBUG_INFO = NO;
				MTL_FAST_MATH = YES;
				SDKROOT = iphoneos;
				SWIFT_COMPILATION_MODE = wholemodule;
				SWIFT_OPTIMIZATION_LEVEL = "-O";
				VALIDATE_PRODUCT = YES;
			};
			name = Release;
		};
		76815DCF240F89BF0082E7C7 /* Debug */ = {
			isa = XCBuildConfiguration;
			buildSettings = {
				ASSETCATALOG_COMPILER_APPICON_NAME = AppIcon;
				CODE_SIGN_STYLE = Automatic;
				DEVELOPMENT_TEAM = K78VZR82S9;
				INFOPLIST_FILE = FirstApp/Info.plist;
				IPHONEOS_DEPLOYMENT_TARGET = 13.2;
				LD_RUNPATH_SEARCH_PATHS = (
					"$(inherited)",
					"@executable_path/Frameworks",
				);
				PRODUCT_BUNDLE_IDENTIFIER = com.arva.FirstApp;
				PRODUCT_NAME = "$(TARGET_NAME)";
				SWIFT_VERSION = 5.0;
				TARGETED_DEVICE_FAMILY = "1,2";
			};
			name = Debug;
		};
		76815DD0240F89BF0082E7C7 /* Release */ = {
			isa = XCBuildConfiguration;
			buildSettings = {
				ASSETCATALOG_COMPILER_APPICON_NAME = AppIcon;
				CODE_SIGN_STYLE = Automatic;
				DEVELOPMENT_TEAM = K78VZR82S9;
				INFOPLIST_FILE = FirstApp/Info.plist;
				IPHONEOS_DEPLOYMENT_TARGET = 13.2;
				LD_RUNPATH_SEARCH_PATHS = (
					"$(inherited)",
					"@executable_path/Frameworks",
				);
				PRODUCT_BUNDLE_IDENTIFIER = com.arva.FirstApp;
				PRODUCT_NAME = "$(TARGET_NAME)";
				SWIFT_VERSION = 5.0;
				TARGETED_DEVICE_FAMILY = "1,2";
			};
			name = Release;
		};
/* End XCBuildConfiguration section */

/* Begin XCConfigurationList section */
		76815DB5240F89BE0082E7C7 /* Build configuration list for PBXProject "FirstApp" */ = {
			isa = XCConfigurationList;
			buildConfigurations = (
				76815DCC240F89BF0082E7C7 /* Debug */,
				76815DCD240F89BF0082E7C7 /* Release */,
			);
			defaultConfigurationIsVisible = 0;
			defaultConfigurationName = Release;
		};
		76815DCE240F89BF0082E7C7 /* Build configuration list for PBXNativeTarget "FirstApp" */ = {
			isa = XCConfigurationList;
			buildConfigurations = (
				76815DCF240F89BF0082E7C7 /* Debug */,
				76815DD0240F89BF0082E7C7 /* Release */,
			);
			defaultConfigurationIsVisible = 0;
			defaultConfigurationName = Release;
		};
/* End XCConfigurationList section */
	};
	rootObject = 76815DB2240F89BE0082E7C7 /* Project object */;
}
